
Microsoft Visual Studio Solution File, Format Version 12.00
Project("{FAE04EC0-301F-11D3-BF4B-00C04F79EFBC}") = "SalesStatistics.DataAccessLayer", "SalesStatistics.DataAccessLayer\SalesStatistics.DataAccessLayer.csproj", "{B498C847-8DE0-4F90-BB35-CC0CA0A6E8E5}"
EndProject
Project("{FAE04EC0-301F-11D3-BF4B-00C04F79EFBC}") = "SalesStatistics.Console", "SalesStatistics.Console\SalesStatistics.Console.csproj", "{1A99E197-4FB0-48EB-BD84-D60CC636E917}"
EndProject
Project("{FAE04EC0-301F-11D3-BF4B-00C04F79EFBC}") = "SalesStatistics.ModelLayer", "SalesStatistics.ModelLayer\SalesStatistics.ModelLayer.csproj", "{364A78AB-871B-4D66-AA35-B2E0D02776AE}"
EndProject
Project("{FAE04EC0-301F-11D3-BF4B-00C04F79EFBC}") = "SalesStatistics.WindowsService", "SalesStatistics.WindowsService\SalesStatistics.WindowsService.csproj", "{74DC0C18-B8D7-41AF-AFC3-6559C90DB088}"
EndProject
Project("{FAE04EC0-301F-11D3-BF4B-00C04F79EFBC}") = "SalesStatistics.BusinessLogic", "SalesStatistics.BusinessLogic\SalesStatistics.BusinessLogic.csproj", "{F8006A09-C956-4E6A-8544-995D640F1EBC}"
EndProject
Global
	GlobalSection(SolutionConfigurationPlatforms) = preSolution
		Debug|Any CPU = Debug|Any CPU
		Release|Any CPU = Release|Any CPU
	EndGlobalSection
	GlobalSection(ProjectConfigurationPlatforms) = postSolution
		{B498C847-8DE0-4F90-BB35-CC0CA0A6E8E5}.Debug|Any CPU.ActiveCfg = Debug|Any CPU
		{B498C847-8DE0-4F90-BB35-CC0CA0A6E8E5}.Debug|Any CPU.Build.0 = Debug|Any CPU
		{B498C847-8DE0-4F90-BB35-CC0CA0A6E8E5}.Release|Any CPU.ActiveCfg = Release|Any CPU
		{B498C847-8DE0-4F90-BB35-CC0CA0A6E8E5}.Release|Any CPU.Build.0 = Release|Any CPU
		{1A99E197-4FB0-48EB-BD84-D60CC636E917}.Debug|Any CPU.ActiveCfg = Debug|Any CPU
		{1A99E197-4FB0-48EB-BD84-D60CC636E917}.Debug|Any CPU.Build.0 = Debug|Any CPU
		{1A99E197-4FB0-48EB-BD84-D60CC636E917}.Release|Any CPU.ActiveCfg = Release|Any CPU
		{1A99E197-4FB0-48EB-BD84-D60CC636E917}.Release|Any CPU.Build.0 = Release|Any CPU
		{364A78AB-871B-4D66-AA35-B2E0D02776AE}.Debug|Any CPU.ActiveCfg = Debug|Any CPU
		{364A78AB-871B-4D66-AA35-B2E0D02776AE}.Debug|Any CPU.Build.0 = Debug|Any CPU
		{364A78AB-871B-4D66-AA35-B2E0D02776AE}.Release|Any CPU.ActiveCfg = Release|Any CPU
		{364A78AB-871B-4D66-AA35-B2E0D02776AE}.Release|Any CPU.Build.0 = Release|Any CPU
		{74DC0C18-B8D7-41AF-AFC3-6559C90DB088}.Debug|Any CPU.ActiveCfg = Debug|Any CPU
		{74DC0C18-B8D7-41AF-AFC3-6559C90DB088}.Debug|Any CPU.Build.0 = Debug|Any CPU
		{74DC0C18-B8D7-41AF-AFC3-6559C90DB088}.Release|Any CPU.ActiveCfg = Release|Any CPU
		{74DC0C18-B8D7-41AF-AFC3-6559C90DB088}.Release|Any CPU.Build.0 = Release|Any CPU
		{F8006A09-C956-4E6A-8544-995D640F1EBC}.Debug|Any CPU.ActiveCfg = Debug|Any CPU
		{F8006A09-C956-4E6A-8544-995D640F1EBC}.Debug|Any CPU.Build.0 = Debug|Any CPU
		{F8006A09-C956-4E6A-8544-995D640F1EBC}.Release|Any CPU.ActiveCfg = Release|Any CPU
		{F8006A09-C956-4E6A-8544-995D640F1EBC}.Release|Any CPU.Build.0 = Release|Any CPU
	EndGlobalSection
EndGlobal
